<Solution>
  <Project Path="AcademiaDoZe.Domain/AcademiaDoZe.Domain.csproj" Id="d0b1a1d2-0000-4c00-9000-000000000001" />
  <Project Path="AcademiaDoZe.Domain.Tests/AcademiaDoZe.Domain.Tests.csproj" Id="d0b1a1d2-0000-4c00-9000-000000000002" />
  <Project Path="AcademiaDoZe.Infrastructure.Tests/AcademiaDoZe.Infrastructure.Tests.csproj" />
  <Project Path="AcademiaDoZe.Infrastructure/AcademiaDoZe.Infrastructure.csproj" />
</Solution>
